{
    "version": 3,
    "terraform_version": "0.11.11",
    "serial": 2,
    "lineage": "524bc779-58f7-faa6-61b8-05ad95e871c0",
    "modules": [
        {
            "path": [
                "root"
            ],
            "outputs": {},
            "resources": {
                "aws_eip.variable_eip": {
                    "type": "aws_eip",
                    "depends_on": [],
                    "primary": {
                        "id": "eipalloc-0fdef1ff54bbd3bba",
                        "attributes": {
                            "association_id": "",
                            "domain": "vpc",
                            "id": "eipalloc-0fdef1ff54bbd3bba",
                            "instance": "",
                            "network_interface": "",
                            "private_ip": "",
                            "public_ip": "63.34.254.223",
                            "public_ipv4_pool": "amazon",
                            "tags.%": "0",
                            "vpc": "true"
                        },
                        "meta": {
                            "e2bfb730-ecaa-11e6-8f88-34363bc7c4c0": {
                                "delete": 180000000000,
                                "read": 900000000000,
                                "update": 300000000000
                            }
                        },
                        "tainted": false
                    },
                    "deposed": [],
                    "provider": "provider.aws.region-eu"
                },
                "aws_eip.variable_eip_1": {
                    "type": "aws_eip",
                    "depends_on": [],
                    "primary": {
                        "id": "eipalloc-0a1d35c39446ea1e7",
                        "attributes": {
                            "association_id": "",
                            "domain": "vpc",
                            "id": "eipalloc-0a1d35c39446ea1e7",
                            "instance": "",
                            "network_interface": "",
                            "private_ip": "",
                            "public_ip": "13.52.134.157",
                            "public_ipv4_pool": "amazon",
                            "tags.%": "0",
                            "vpc": "true"
                        },
                        "meta": {
                            "e2bfb730-ecaa-11e6-8f88-34363bc7c4c0": {
                                "delete": 180000000000,
                                "read": 900000000000,
                                "update": 300000000000
                            }
                        },
                        "tainted": false
                    },
                    "deposed": [],
                    "provider": "provider.aws.region-us"
                }
            },
            "depends_on": []
        }
    ]
}
