{
    "version": 3,
    "terraform_version": "0.11.11",
    "serial": 2,
    "lineage": "696db1c0-39a1-e226-2d0f-91501b508a43",
    "modules": [
        {
            "path": [
                "root"
            ],
            "outputs": {},
            "resources": {},
            "depends_on": []
        },
        {
            "path": [
                "root",
                "myec2"
            ],
            "outputs": {},
            "resources": {
                "aws_instance.myweb": {
                    "type": "aws_instance",
                    "depends_on": [],
                    "primary": {
                        "id": "i-0d933dfe88291b019",
                        "attributes": {
                            "ami": "ami-bbc542c8",
                            "arn": "arn:aws:ec2:eu-west-1:138340313734:instance/i-0d933dfe88291b019",
                            "associate_public_ip_address": "true",
                            "availability_zone": "eu-west-1c",
                            "cpu_core_count": "1",
                            "cpu_threads_per_core": "1",
                            "credit_specification.#": "1",
                            "credit_specification.0.cpu_credits": "standard",
                            "disable_api_termination": "false",
                            "ebs_block_device.#": "0",
                            "ebs_optimized": "false",
                            "ephemeral_block_device.#": "0",
                            "get_password_data": "false",
                            "iam_instance_profile": "",
                            "id": "i-0d933dfe88291b019",
                            "instance_state": "running",
                            "instance_type": "t2.nano",
                            "ipv6_addresses.#": "0",
                            "key_name": "",
                            "monitoring": "false",
                            "network_interface.#": "0",
                            "network_interface_id": "eni-0da78a0f4cc3e09eb",
                            "password_data": "",
                            "placement_group": "",
                            "primary_network_interface_id": "eni-0da78a0f4cc3e09eb",
                            "private_dns": "ip-172-31-43-27.eu-west-1.compute.internal",
                            "private_ip": "172.31.43.27",
                            "public_dns": "ec2-34-240-209-193.eu-west-1.compute.amazonaws.com",
                            "public_ip": "34.240.209.193",
                            "root_block_device.#": "1",
                            "root_block_device.0.delete_on_termination": "true",
                            "root_block_device.0.iops": "0",
                            "root_block_device.0.volume_id": "vol-0fd4a8d8464342820",
                            "root_block_device.0.volume_size": "8",
                            "root_block_device.0.volume_type": "standard",
                            "security_groups.#": "1",
                            "security_groups.3814588639": "default",
                            "source_dest_check": "true",
                            "subnet_id": "subnet-d481208e",
                            "tags.%": "1",
                            "tags.Name": "web-server",
                            "tenancy": "default",
                            "volume_tags.%": "0",
                            "vpc_security_group_ids.#": "1",
                            "vpc_security_group_ids.848052000": "sg-6cf2c21d"
                        },
                        "meta": {
                            "e2bfb730-ecaa-11e6-8f88-34363bc7c4c0": {
                                "create": 600000000000,
                                "delete": 1200000000000,
                                "update": 600000000000
                            },
                            "schema_version": "1"
                        },
                        "tainted": false
                    },
                    "deposed": [],
                    "provider": "provider.aws"
                }
            },
            "depends_on": []
        }
    ]
}
