{
    "version": 3,
    "terraform_version": "0.11.11",
    "serial": 2,
    "lineage": "b6197044-8925-5a37-886f-f1234afc824e",
    "modules": [
        {
            "path": [
                "root"
            ],
            "outputs": {},
            "resources": {
                "aws_eip.variable_eip": {
                    "type": "aws_eip",
                    "depends_on": [
                        "aws_instance.variable_web"
                    ],
                    "primary": {
                        "id": "eipalloc-039ee229b7fc86021",
                        "attributes": {
                            "association_id": "eipassoc-04488821c777a3249",
                            "domain": "vpc",
                            "id": "eipalloc-039ee229b7fc86021",
                            "instance": "i-0af23cfa670fe6b2c",
                            "network_interface": "eni-0d2c3731b128b25b5",
                            "private_ip": "172.31.21.86",
                            "public_ip": "63.33.144.19",
                            "public_ipv4_pool": "amazon",
                            "tags.%": "0",
                            "vpc": "true"
                        },
                        "meta": {
                            "e2bfb730-ecaa-11e6-8f88-34363bc7c4c0": {
                                "delete": 180000000000,
                                "read": 900000000000,
                                "update": 300000000000
                            }
                        },
                        "tainted": false
                    },
                    "deposed": [],
                    "provider": "provider.aws"
                },
                "aws_instance.variable_web": {
                    "type": "aws_instance",
                    "depends_on": [
                        "aws_security_group.variable_sg"
                    ],
                    "primary": {
                        "id": "i-0af23cfa670fe6b2c",
                        "attributes": {
                            "ami": "ami-bbc542c8",
                            "arn": "arn:aws:ec2:eu-west-1:138340313734:instance/i-0af23cfa670fe6b2c",
                            "associate_public_ip_address": "true",
                            "availability_zone": "eu-west-1b",
                            "cpu_core_count": "1",
                            "cpu_threads_per_core": "1",
                            "credit_specification.#": "1",
                            "credit_specification.0.cpu_credits": "standard",
                            "disable_api_termination": "false",
                            "ebs_block_device.#": "0",
                            "ebs_optimized": "false",
                            "ephemeral_block_device.#": "0",
                            "get_password_data": "false",
                            "iam_instance_profile": "",
                            "id": "i-0af23cfa670fe6b2c",
                            "instance_state": "running",
                            "instance_type": "t2.micro",
                            "ipv6_addresses.#": "0",
                            "key_name": "remoteconnection",
                            "monitoring": "false",
                            "network_interface.#": "0",
                            "network_interface_id": "eni-0d2c3731b128b25b5",
                            "password_data": "",
                            "placement_group": "",
                            "primary_network_interface_id": "eni-0d2c3731b128b25b5",
                            "private_dns": "ip-172-31-21-86.eu-west-1.compute.internal",
                            "private_ip": "172.31.21.86",
                            "public_dns": "ec2-63-32-52-36.eu-west-1.compute.amazonaws.com",
                            "public_ip": "63.32.52.36",
                            "root_block_device.#": "1",
                            "root_block_device.0.delete_on_termination": "true",
                            "root_block_device.0.iops": "0",
                            "root_block_device.0.volume_id": "vol-01fe398bff285e218",
                            "root_block_device.0.volume_size": "8",
                            "root_block_device.0.volume_type": "standard",
                            "security_groups.#": "1",
                            "security_groups.466767295": "remoteconnection",
                            "source_dest_check": "true",
                            "subnet_id": "subnet-33a6d17b",
                            "tags.%": "1",
                            "tags.Name": "local-exec",
                            "tenancy": "default",
                            "volume_tags.%": "0",
                            "vpc_security_group_ids.#": "1",
                            "vpc_security_group_ids.3159483068": "sg-015c82b09a60cfa90"
                        },
                        "meta": {
                            "e2bfb730-ecaa-11e6-8f88-34363bc7c4c0": {
                                "create": 600000000000,
                                "delete": 1200000000000,
                                "update": 600000000000
                            },
                            "schema_version": "1"
                        },
                        "tainted": false
                    },
                    "deposed": [],
                    "provider": "provider.aws"
                },
                "aws_security_group.variable_sg": {
                    "type": "aws_security_group",
                    "depends_on": [],
                    "primary": {
                        "id": "sg-015c82b09a60cfa90",
                        "attributes": {
                            "arn": "arn:aws:ec2:eu-west-1:138340313734:security-group/sg-015c82b09a60cfa90",
                            "description": "Managed by Terraform",
                            "egress.#": "1",
                            "egress.1403647648.cidr_blocks.#": "1",
                            "egress.1403647648.cidr_blocks.0": "0.0.0.0/0",
                            "egress.1403647648.description": "",
                            "egress.1403647648.from_port": "0",
                            "egress.1403647648.ipv6_cidr_blocks.#": "0",
                            "egress.1403647648.prefix_list_ids.#": "0",
                            "egress.1403647648.protocol": "tcp",
                            "egress.1403647648.security_groups.#": "0",
                            "egress.1403647648.self": "false",
                            "egress.1403647648.to_port": "65535",
                            "id": "sg-015c82b09a60cfa90",
                            "ingress.#": "5",
                            "ingress.1022526118.cidr_blocks.#": "1",
                            "ingress.1022526118.cidr_blocks.0": "0.0.0.0/0",
                            "ingress.1022526118.description": "",
                            "ingress.1022526118.from_port": "25",
                            "ingress.1022526118.ipv6_cidr_blocks.#": "0",
                            "ingress.1022526118.prefix_list_ids.#": "0",
                            "ingress.1022526118.protocol": "tcp",
                            "ingress.1022526118.security_groups.#": "0",
                            "ingress.1022526118.self": "false",
                            "ingress.1022526118.to_port": "25",
                            "ingress.2214680975.cidr_blocks.#": "1",
                            "ingress.2214680975.cidr_blocks.0": "0.0.0.0/0",
                            "ingress.2214680975.description": "",
                            "ingress.2214680975.from_port": "80",
                            "ingress.2214680975.ipv6_cidr_blocks.#": "0",
                            "ingress.2214680975.prefix_list_ids.#": "0",
                            "ingress.2214680975.protocol": "tcp",
                            "ingress.2214680975.security_groups.#": "0",
                            "ingress.2214680975.self": "false",
                            "ingress.2214680975.to_port": "80",
                            "ingress.2541437006.cidr_blocks.#": "1",
                            "ingress.2541437006.cidr_blocks.0": "0.0.0.0/0",
                            "ingress.2541437006.description": "",
                            "ingress.2541437006.from_port": "22",
                            "ingress.2541437006.ipv6_cidr_blocks.#": "0",
                            "ingress.2541437006.prefix_list_ids.#": "0",
                            "ingress.2541437006.protocol": "tcp",
                            "ingress.2541437006.security_groups.#": "0",
                            "ingress.2541437006.self": "false",
                            "ingress.2541437006.to_port": "22",
                            "ingress.2616089437.cidr_blocks.#": "1",
                            "ingress.2616089437.cidr_blocks.0": "0.0.0.0/0",
                            "ingress.2616089437.description": "",
                            "ingress.2616089437.from_port": "21",
                            "ingress.2616089437.ipv6_cidr_blocks.#": "0",
                            "ingress.2616089437.prefix_list_ids.#": "0",
                            "ingress.2616089437.protocol": "tcp",
                            "ingress.2616089437.security_groups.#": "0",
                            "ingress.2616089437.self": "false",
                            "ingress.2616089437.to_port": "21",
                            "ingress.2617001939.cidr_blocks.#": "1",
                            "ingress.2617001939.cidr_blocks.0": "0.0.0.0/0",
                            "ingress.2617001939.description": "",
                            "ingress.2617001939.from_port": "443",
                            "ingress.2617001939.ipv6_cidr_blocks.#": "0",
                            "ingress.2617001939.prefix_list_ids.#": "0",
                            "ingress.2617001939.protocol": "tcp",
                            "ingress.2617001939.security_groups.#": "0",
                            "ingress.2617001939.self": "false",
                            "ingress.2617001939.to_port": "443",
                            "name": "remoteconnection",
                            "owner_id": "138340313734",
                            "revoke_rules_on_delete": "false",
                            "tags.%": "0",
                            "vpc_id": "vpc-95072df3"
                        },
                        "meta": {
                            "e2bfb730-ecaa-11e6-8f88-34363bc7c4c0": {
                                "create": 600000000000,
                                "delete": 600000000000
                            },
                            "schema_version": "1"
                        },
                        "tainted": false
                    },
                    "deposed": [],
                    "provider": "provider.aws"
                }
            },
            "depends_on": []
        }
    ]
}
